
Microsoft Visual Studio Solution File, Format Version 12.00
# Visual Studio Version 16
VisualStudioVersion = 16.0.30128.74
MinimumVisualStudioVersion = 10.0.40219.1
Project("{FAE04EC0-301F-11D3-BF4B-00C04F79EFBC}") = "TestMessageQueue.Api", "TestMessageQueue.Api\TestMessageQueue.Api.csproj", "{B01757F0-2E4E-4AB7-828C-87355745C6B7}"
EndProject
Project("{FAE04EC0-301F-11D3-BF4B-00C04F79EFBC}") = "TestMessageQueue.Models", "TestMessageQueue.Models\TestMessageQueue.Models.csproj", "{22DD30AE-84F3-44AC-AEBB-EEF1F8250691}"
EndProject
Project("{FAE04EC0-301F-11D3-BF4B-00C04F79EFBC}") = "TestMessageQueue.Services", "TestMessageQueue.Services\TestMessageQueue.Services.csproj", "{F0008686-99EA-4403-A740-5A7BB0BDCCE0}"
EndProject
Global
	GlobalSection(SolutionConfigurationPlatforms) = preSolution
		Debug|Any CPU = Debug|Any CPU
		Release|Any CPU = Release|Any CPU
	EndGlobalSection
	GlobalSection(ProjectConfigurationPlatforms) = postSolution
		{B01757F0-2E4E-4AB7-828C-87355745C6B7}.Debug|Any CPU.ActiveCfg = Debug|Any CPU
		{B01757F0-2E4E-4AB7-828C-87355745C6B7}.Debug|Any CPU.Build.0 = Debug|Any CPU
		{B01757F0-2E4E-4AB7-828C-87355745C6B7}.Release|Any CPU.ActiveCfg = Release|Any CPU
		{B01757F0-2E4E-4AB7-828C-87355745C6B7}.Release|Any CPU.Build.0 = Release|Any CPU
		{22DD30AE-84F3-44AC-AEBB-EEF1F8250691}.Debug|Any CPU.ActiveCfg = Debug|Any CPU
		{22DD30AE-84F3-44AC-AEBB-EEF1F8250691}.Debug|Any CPU.Build.0 = Debug|Any CPU
		{22DD30AE-84F3-44AC-AEBB-EEF1F8250691}.Release|Any CPU.ActiveCfg = Release|Any CPU
		{22DD30AE-84F3-44AC-AEBB-EEF1F8250691}.Release|Any CPU.Build.0 = Release|Any CPU
		{F0008686-99EA-4403-A740-5A7BB0BDCCE0}.Debug|Any CPU.ActiveCfg = Debug|Any CPU
		{F0008686-99EA-4403-A740-5A7BB0BDCCE0}.Debug|Any CPU.Build.0 = Debug|Any CPU
		{F0008686-99EA-4403-A740-5A7BB0BDCCE0}.Release|Any CPU.ActiveCfg = Release|Any CPU
		{F0008686-99EA-4403-A740-5A7BB0BDCCE0}.Release|Any CPU.Build.0 = Release|Any CPU
	EndGlobalSection
	GlobalSection(SolutionProperties) = preSolution
		HideSolutionNode = FALSE
	EndGlobalSection
	GlobalSection(ExtensibilityGlobals) = postSolution
		SolutionGuid = {ADB45977-7283-49A4-ABDB-C5687E8C2E9E}
	EndGlobalSection
EndGlobal
